
Microsoft Visual Studio Solution File, Format Version 12.00
# Visual Studio Version 17
VisualStudioVersion = 17.9.34728.123
MinimumVisualStudioVersion = 10.0.40219.1
Project("{FAE04EC0-301F-11D3-BF4B-00C04F79EFBC}") = "WeatherIntegration", "WeatherIntegration.csproj", "{11B113A3-082B-4965-93AA-0B8FCDD3EFEF}"
EndProject
Global
	GlobalSection(SolutionConfigurationPlatforms) = preSolution
		Debug|Any CPU = Debug|Any CPU
		Release|Any CPU = Release|Any CPU
	EndGlobalSection
	GlobalSection(ProjectConfigurationPlatforms) = postSolution
		{11B113A3-082B-4965-93AA-0B8FCDD3EFEF}.Debug|Any CPU.ActiveCfg = Debug|Any CPU
		{11B113A3-082B-4965-93AA-0B8FCDD3EFEF}.Debug|Any CPU.Build.0 = Debug|Any CPU
		{11B113A3-082B-4965-93AA-0B8FCDD3EFEF}.Release|Any CPU.ActiveCfg = Release|Any CPU
		{11B113A3-082B-4965-93AA-0B8FCDD3EFEF}.Release|Any CPU.Build.0 = Release|Any CPU
	EndGlobalSection
	GlobalSection(SolutionProperties) = preSolution
		HideSolutionNode = FALSE
	EndGlobalSection
	GlobalSection(ExtensibilityGlobals) = postSolution
		SolutionGuid = {DFBFC795-2ED0-4929-A84F-225E7EB39C30}
	EndGlobalSection
EndGlobal
